// !$*UTF8*$!
{
	archiveVersion = 1;
	classes = {
	};
	objectVersion = 46;
	objects = {

/* Begin PBXBuildFile section */
		38EC3D8B72222898E22ECC6E /* Pods_Project1_FlickM.framework in Frameworks */ = {isa = PBXBuildFile; fileRef = 5C3C5DE6640992807AD43A7C /* Pods_Project1_FlickM.framework */; };
		FA849EC71C4DB96900FAA3F9 /* MovieInfoViewController.swift in Sources */ = {isa = PBXBuildFile; fileRef = FA849EC61C4DB96900FAA3F9 /* MovieInfoViewController.swift */; };
		FAAC88C91C4F44AE0079BD6F /* CollectionViewController.swift in Sources */ = {isa = PBXBuildFile; fileRef = FAAC88C81C4F44AE0079BD6F /* CollectionViewController.swift */; };
		FAAC88CB1C4F45150079BD6F /* MoviesCollectionViewCell.swift in Sources */ = {isa = PBXBuildFile; fileRef = FAAC88CA1C4F45150079BD6F /* MoviesCollectionViewCell.swift */; };
		FAFD9BA01C4B55E2004021BD /* AppDelegate.swift in Sources */ = {isa = PBXBuildFile; fileRef = FAFD9B9F1C4B55E2004021BD /* AppDelegate.swift */; };
		FAFD9BA51C4B55E2004021BD /* Main.storyboard in Resources */ = {isa = PBXBuildFile; fileRef = FAFD9BA31C4B55E2004021BD /* Main.storyboard */; };
		FAFD9BA71C4B55E2004021BD /* Assets.xcassets in Resources */ = {isa = PBXBuildFile; fileRef = FAFD9BA61C4B55E2004021BD /* Assets.xcassets */; };
		FAFD9BAA1C4B55E2004021BD /* LaunchScreen.storyboard in Resources */ = {isa = PBXBuildFile; fileRef = FAFD9BA81C4B55E2004021BD /* LaunchScreen.storyboard */; };
		FAFD9BB21C4B57B5004021BD /* MoviesController.swift in Sources */ = {isa = PBXBuildFile; fileRef = FAFD9BB11C4B57B5004021BD /* MoviesController.swift */; };
		FAFD9BD31C4B6F1B004021BD /* MovieCell.swift in Sources */ = {isa = PBXBuildFile; fileRef = FAFD9BD21C4B6F1B004021BD /* MovieCell.swift */; };
/* End PBXBuildFile section */

/* Begin PBXFileReference section */
		015FD6C9B898C0C0B5640AC0 /* Pods-Project1-FlickM.debug.xcconfig */ = {isa = PBXFileReference; includeInIndex = 1; lastKnownFileType = text.xcconfig; name = "Pods-Project1-FlickM.debug.xcconfig"; path = "Pods/Target Support Files/Pods-Project1-FlickM/Pods-Project1-FlickM.debug.xcconfig"; sourceTree = "<group>"; };
		5C3C5DE6640992807AD43A7C /* Pods_Project1_FlickM.framework */ = {isa = PBXFileReference; explicitFileType = wrapper.framework; includeInIndex = 0; path = Pods_Project1_FlickM.framework; sourceTree = BUILT_PRODUCTS_DIR; };
		6E7EF69E4F16340491FABC55 /* Pods-Project1-FlickM.release.xcconfig */ = {isa = PBXFileReference; includeInIndex = 1; lastKnownFileType = text.xcconfig; name = "Pods-Project1-FlickM.release.xcconfig"; path = "Pods/Target Support Files/Pods-Project1-FlickM/Pods-Project1-FlickM.release.xcconfig"; sourceTree = "<group>"; };
		FA849EC61C4DB96900FAA3F9 /* MovieInfoViewController.swift */ = {isa = PBXFileReference; fileEncoding = 4; lastKnownFileType = sourcecode.swift; path = MovieInfoViewController.swift; sourceTree = "<group>"; };
		FAAC88C81C4F44AE0079BD6F /* CollectionViewController.swift */ = {isa = PBXFileReference; fileEncoding = 4; lastKnownFileType = sourcecode.swift; path = CollectionViewController.swift; sourceTree = "<group>"; };
		FAAC88CA1C4F45150079BD6F /* MoviesCollectionViewCell.swift */ = {isa = PBXFileReference; fileEncoding = 4; lastKnownFileType = sourcecode.swift; path = MoviesCollectionViewCell.swift; sourceTree = "<group>"; };
		FAFD9B9C1C4B55E2004021BD /* Project1-FlickM.app */ = {isa = PBXFileReference; explicitFileType = wrapper.application; includeInIndex = 0; path = "Project1-FlickM.app"; sourceTree = BUILT_PRODUCTS_DIR; };
		FAFD9B9F1C4B55E2004021BD /* AppDelegate.swift */ = {isa = PBXFileReference; lastKnownFileType = sourcecode.swift; path = AppDelegate.swift; sourceTree = "<group>"; };
		FAFD9BA41C4B55E2004021BD /* Base */ = {isa = PBXFileReference; lastKnownFileType = file.storyboard; name = Base; path = Base.lproj/Main.storyboard; sourceTree = "<group>"; };
		FAFD9BA61C4B55E2004021BD /* Assets.xcassets */ = {isa = PBXFileReference; lastKnownFileType = folder.assetcatalog; path = Assets.xcassets; sourceTree = "<group>"; };
		FAFD9BA91C4B55E2004021BD /* Base */ = {isa = PBXFileReference; lastKnownFileType = file.storyboard; name = Base; path = Base.lproj/LaunchScreen.storyboard; sourceTree = "<group>"; };
		FAFD9BAB1C4B55E2004021BD /* Info.plist */ = {isa = PBXFileReference; lastKnownFileType = text.plist.xml; path = Info.plist; sourceTree = "<group>"; };
		FAFD9BB11C4B57B5004021BD /* MoviesController.swift */ = {isa = PBXFileReference; fileEncoding = 4; lastKnownFileType = sourcecode.swift; path = MoviesController.swift; sourceTree = "<group>"; };
		FAFD9BD21C4B6F1B004021BD /* MovieCell.swift */ = {isa = PBXFileReference; fileEncoding = 4; lastKnownFileType = sourcecode.swift; path = MovieCell.swift; sourceTree = "<group>"; };
/* End PBXFileReference section */

/* Begin PBXFrameworksBuildPhase section */
		FAFD9B991C4B55E2004021BD /* Frameworks */ = {
			isa = PBXFrameworksBuildPhase;
			buildActionMask = 2147483647;
			files = (
				38EC3D8B72222898E22ECC6E /* Pods_Project1_FlickM.framework in Frameworks */,
			);
			runOnlyForDeploymentPostprocessing = 0;
		};
/* End PBXFrameworksBuildPhase section */

/* Begin PBXGroup section */
		B059229068D43891E114CB10 /* Pods */ = {
			isa = PBXGroup;
			children = (
				015FD6C9B898C0C0B5640AC0 /* Pods-Project1-FlickM.debug.xcconfig */,
				6E7EF69E4F16340491FABC55 /* Pods-Project1-FlickM.release.xcconfig */,
			);
			name = Pods;
			sourceTree = "<group>";
		};
		C7C8E5D0C4CBFEB13A0234F4 /* Frameworks */ = {
			isa = PBXGroup;
			children = (
				5C3C5DE6640992807AD43A7C /* Pods_Project1_FlickM.framework */,
			);
			name = Frameworks;
			sourceTree = "<group>";
		};
		FA6B58CE1C50644900C03FCD /* Extras */ = {
			isa = PBXGroup;
			children = (
				FAFD9BB11C4B57B5004021BD /* MoviesController.swift */,
			);
			name = Extras;
			sourceTree = "<group>";
		};
		FAFD9B931C4B55E2004021BD = {
			isa = PBXGroup;
			children = (
				FAFD9B9E1C4B55E2004021BD /* Project1-FlickM */,
				FAFD9B9D1C4B55E2004021BD /* Products */,
				B059229068D43891E114CB10 /* Pods */,
				C7C8E5D0C4CBFEB13A0234F4 /* Frameworks */,
			);
			sourceTree = "<group>";
		};
		FAFD9B9D1C4B55E2004021BD /* Products */ = {
			isa = PBXGroup;
			children = (
				FAFD9B9C1C4B55E2004021BD /* Project1-FlickM.app */,
			);
			name = Products;
			sourceTree = "<group>";
		};
		FAFD9B9E1C4B55E2004021BD /* Project1-FlickM */ = {
			isa = PBXGroup;
			children = (
				FAFD9B9F1C4B55E2004021BD /* AppDelegate.swift */,
				FAFD9BD41C4B7C05004021BD /* Controller */,
				FAFD9BD11C4B6EF2004021BD /* Views */,
				FAFD9BA31C4B55E2004021BD /* Main.storyboard */,
				FAFD9BA61C4B55E2004021BD /* Assets.xcassets */,
				FAFD9BA81C4B55E2004021BD /* LaunchScreen.storyboard */,
				FAFD9BAB1C4B55E2004021BD /* Info.plist */,
				FA6B58CE1C50644900C03FCD /* Extras */,
			);
			path = "Project1-FlickM";
			sourceTree = "<group>";
		};
		FAFD9BD11C4B6EF2004021BD /* Views */ = {
			isa = PBXGroup;
			children = (
				FAAC88CA1C4F45150079BD6F /* MoviesCollectionViewCell.swift */,
				FAFD9BD21C4B6F1B004021BD /* MovieCell.swift */,
			);
			name = Views;
			sourceTree = "<group>";
		};
		FAFD9BD41C4B7C05004021BD /* Controller */ = {
			isa = PBXGroup;
			children = (
				FAAC88C81C4F44AE0079BD6F /* CollectionViewController.swift */,
				FA849EC61C4DB96900FAA3F9 /* MovieInfoViewController.swift */,
			);
			name = Controller;
			sourceTree = "<group>";
		};
/* End PBXGroup section */

/* Begin PBXNativeTarget section */
		FAFD9B9B1C4B55E2004021BD /* Project1-FlickM */ = {
			isa = PBXNativeTarget;
			buildConfigurationList = FAFD9BAE1C4B55E2004021BD /* Build configuration list for PBXNativeTarget "Project1-FlickM" */;
			buildPhases = (
				C88E0CAB50F5C1E13FDFF395 /* Check Pods Manifest.lock */,
				FAFD9B981C4B55E2004021BD /* Sources */,
				FAFD9B991C4B55E2004021BD /* Frameworks */,
				FAFD9B9A1C4B55E2004021BD /* Resources */,
				78D0581CEA56B29B2FE4C57B /* Embed Pods Frameworks */,
				D2F700DB0B04B8CD05648EDC /* Copy Pods Resources */,
			);
			buildRules = (
			);
			dependencies = (
			);
			name = "Project1-FlickM";
			productName = "Project1-FlickM";
			productReference = FAFD9B9C1C4B55E2004021BD /* Project1-FlickM.app */;
			productType = "com.apple.product-type.application";
		};
/* End PBXNativeTarget section */

/* Begin PBXProject section */
		FAFD9B941C4B55E2004021BD /* Project object */ = {
			isa = PBXProject;
			attributes = {
				LastSwiftUpdateCheck = 0720;
				LastUpgradeCheck = 0720;
				ORGANIZATIONNAME = MonteThakkar;
				TargetAttributes = {
					FAFD9B9B1C4B55E2004021BD = {
						CreatedOnToolsVersion = 7.2;
					};
				};
			};
			buildConfigurationList = FAFD9B971C4B55E2004021BD /* Build configuration list for PBXProject "Project1-FlickM" */;
			compatibilityVersion = "Xcode 3.2";
			developmentRegion = English;
			hasScannedForEncodings = 0;
			knownRegions = (
				en,
				Base,
			);
			mainGroup = FAFD9B931C4B55E2004021BD;
			productRefGroup = FAFD9B9D1C4B55E2004021BD /* Products */;
			projectDirPath = "";
			projectRoot = "";
			targets = (
				FAFD9B9B1C4B55E2004021BD /* Project1-FlickM */,
			);
		};
/* End PBXProject section */

/* Begin PBXResourcesBuildPhase section */
		FAFD9B9A1C4B55E2004021BD /* Resources */ = {
			isa = PBXResourcesBuildPhase;
			buildActionMask = 2147483647;
			files = (
				FAFD9BAA1C4B55E2004021BD /* LaunchScreen.storyboard in Resources */,
				FAFD9BA71C4B55E2004021BD /* Assets.xcassets in Resources */,
				FAFD9BA51C4B55E2004021BD /* Main.storyboard in Resources */,
			);
			runOnlyForDeploymentPostprocessing = 0;
		};
/* End PBXResourcesBuildPhase section */

/* Begin PBXShellScriptBuildPhase section */
		78D0581CEA56B29B2FE4C57B /* Embed Pods Frameworks */ = {
			isa = PBXShellScriptBuildPhase;
			buildActionMask = 2147483647;
			files = (
			);
			inputPaths = (
			);
			name = "Embed Pods Frameworks";
			outputPaths = (
			);
			runOnlyForDeploymentPostprocessing = 0;
			shellPath = /bin/sh;
			shellScript = "\"${SRCROOT}/Pods/Target Support Files/Pods-Project1-FlickM/Pods-Project1-FlickM-frameworks.sh\"\n";
			showEnvVarsInLog = 0;
		};
		C88E0CAB50F5C1E13FDFF395 /* Check Pods Manifest.lock */ = {
			isa = PBXShellScriptBuildPhase;
			buildActionMask = 2147483647;
			files = (
			);
			inputPaths = (
			);
			name = "Check Pods Manifest.lock";
			outputPaths = (
			);
			runOnlyForDeploymentPostprocessing = 0;
			shellPath = /bin/sh;
			shellScript = "diff \"${PODS_ROOT}/../Podfile.lock\" \"${PODS_ROOT}/Manifest.lock\" > /dev/null\nif [[ $? != 0 ]] ; then\n    cat << EOM\nerror: The sandbox is not in sync with the Podfile.lock. Run 'pod install' or update your CocoaPods installation.\nEOM\n    exit 1\nfi\n";
			showEnvVarsInLog = 0;
		};
		D2F700DB0B04B8CD05648EDC /* Copy Pods Resources */ = {
			isa = PBXShellScriptBuildPhase;
			buildActionMask = 2147483647;
			files = (
			);
			inputPaths = (
			);
			name = "Copy Pods Resources";
			outputPaths = (
			);
			runOnlyForDeploymentPostprocessing = 0;
			shellPath = /bin/sh;
			shellScript = "\"${SRCROOT}/Pods/Target Support Files/Pods-Project1-FlickM/Pods-Project1-FlickM-resources.sh\"\n";
			showEnvVarsInLog = 0;
		};
/* End PBXShellScriptBuildPhase section */

/* Begin PBXSourcesBuildPhase section */
		FAFD9B981C4B55E2004021BD /* Sources */ = {
			isa = PBXSourcesBuildPhase;
			buildActionMask = 2147483647;
			files = (
				FAFD9BB21C4B57B5004021BD /* MoviesController.swift in Sources */,
				FAFD9BA01C4B55E2004021BD /* AppDelegate.swift in Sources */,
				FAFD9BD31C4B6F1B004021BD /* MovieCell.swift in Sources */,
				FAAC88CB1C4F45150079BD6F /* MoviesCollectionViewCell.swift in Sources */,
				FA849EC71C4DB96900FAA3F9 /* MovieInfoViewController.swift in Sources */,
				FAAC88C91C4F44AE0079BD6F /* CollectionViewController.swift in Sources */,
			);
			runOnlyForDeploymentPostprocessing = 0;
		};
/* End PBXSourcesBuildPhase section */

/* Begin PBXVariantGroup section */
		FAFD9BA31C4B55E2004021BD /* Main.storyboard */ = {
			isa = PBXVariantGroup;
			children = (
				FAFD9BA41C4B55E2004021BD /* Base */,
			);
			name = Main.storyboard;
			sourceTree = "<group>";
		};
		FAFD9BA81C4B55E2004021BD /* LaunchScreen.storyboard */ = {
			isa = PBXVariantGroup;
			children = (
				FAFD9BA91C4B55E2004021BD /* Base */,
			);
			name = LaunchScreen.storyboard;
			sourceTree = "<group>";
		};
/* End PBXVariantGroup section */

/* Begin XCBuildConfiguration section */
		FAFD9BAC1C4B55E2004021BD /* Debug */ = {
			isa = XCBuildConfiguration;
			buildSettings = {
				ALWAYS_SEARCH_USER_PATHS = NO;
				CLANG_CXX_LANGUAGE_STANDARD = "gnu++0x";
				CLANG_CXX_LIBRARY = "libc++";
				CLANG_ENABLE_MODULES = YES;
				CLANG_ENABLE_OBJC_ARC = YES;
				CLANG_WARN_BOOL_CONVERSION = YES;
				CLANG_WARN_CONSTANT_CONVERSION = YES;
				CLANG_WARN_DIRECT_OBJC_ISA_USAGE = YES_ERROR;
				CLANG_WARN_EMPTY_BODY = YES;
				CLANG_WARN_ENUM_CONVERSION = YES;
				CLANG_WARN_INT_CONVERSION = YES;
				CLANG_WARN_OBJC_ROOT_CLASS = YES_ERROR;
				CLANG_WARN_UNREACHABLE_CODE = YES;
				CLANG_WARN__DUPLICATE_METHOD_MATCH = YES;
				"CODE_SIGN_IDENTITY[sdk=iphoneos*]" = "iPhone Developer";
				COPY_PHASE_STRIP = NO;
				DEBUG_INFORMATION_FORMAT = dwarf;
				ENABLE_STRICT_OBJC_MSGSEND = YES;
				ENABLE_TESTABILITY = YES;
				GCC_C_LANGUAGE_STANDARD = gnu99;
				GCC_DYNAMIC_NO_PIC = NO;
				GCC_NO_COMMON_BLOCKS = YES;
				GCC_OPTIMIZATION_LEVEL = 0;
				GCC_PREPROCESSOR_DEFINITIONS = (
					"DEBUG=1",
					"$(inherited)",
				);
				GCC_WARN_64_TO_32_BIT_CONVERSION = YES;
				GCC_WARN_ABOUT_RETURN_TYPE = YES_ERROR;
				GCC_WARN_UNDECLARED_SELECTOR = YES;
				GCC_WARN_UNINITIALIZED_AUTOS = YES_AGGRESSIVE;
				GCC_WARN_UNUSED_FUNCTION = YES;
				GCC_WARN_UNUSED_VARIABLE = YES;
				IPHONEOS_DEPLOYMENT_TARGET = 9.2;
				MTL_ENABLE_DEBUG_INFO = YES;
				ONLY_ACTIVE_ARCH = YES;
				SDKROOT = iphoneos;
				SWIFT_OPTIMIZATION_LEVEL = "-Onone";
			};
			name = Debug;
		};
		FAFD9BAD1C4B55E2004021BD /* Release */ = {
			isa = XCBuildConfiguration;
			buildSettings = {
				ALWAYS_SEARCH_USER_PATHS = NO;
				CLANG_CXX_LANGUAGE_STANDARD = "gnu++0x";
				CLANG_CXX_LIBRARY = "libc++";
				CLANG_ENABLE_MODULES = YES;
				CLANG_ENABLE_OBJC_ARC = YES;
				CLANG_WARN_BOOL_CONVERSION = YES;
				CLANG_WARN_CONSTANT_CONVERSION = YES;
				CLANG_WARN_DIRECT_OBJC_ISA_USAGE = YES_ERROR;
				CLANG_WARN_EMPTY_BODY = YES;
				CLANG_WARN_ENUM_CONVERSION = YES;
				CLANG_WARN_INT_CONVERSION = YES;
				CLANG_WARN_OBJC_ROOT_CLASS = YES_ERROR;
				CLANG_WARN_UNREACHABLE_CODE = YES;
				CLANG_WARN__DUPLICATE_METHOD_MATCH = YES;
				"CODE_SIGN_IDENTITY[sdk=iphoneos*]" = "iPhone Developer";
				COPY_PHASE_STRIP = NO;
				DEBUG_INFORMATION_FORMAT = "dwarf-with-dsym";
				ENABLE_NS_ASSERTIONS = NO;
				ENABLE_STRICT_OBJC_MSGSEND = YES;
				GCC_C_LANGUAGE_STANDARD = gnu99;
				GCC_NO_COMMON_BLOCKS = YES;
				GCC_WARN_64_TO_32_BIT_CONVERSION = YES;
				GCC_WARN_ABOUT_RETURN_TYPE = YES_ERROR;
				GCC_WARN_UNDECLARED_SELECTOR = YES;
				GCC_WARN_UNINITIALIZED_AUTOS = YES_AGGRESSIVE;
				GCC_WARN_UNUSED_FUNCTION = YES;
				GCC_WARN_UNUSED_VARIABLE = YES;
				IPHONEOS_DEPLOYMENT_TARGET = 9.2;
				MTL_ENABLE_DEBUG_INFO = NO;
				SDKROOT = iphoneos;
				VALIDATE_PRODUCT = YES;
			};
			name = Release;
		};
		FAFD9BAF1C4B55E2004021BD /* Debug */ = {
			isa = XCBuildConfiguration;
			baseConfigurationReference = 015FD6C9B898C0C0B5640AC0 /* Pods-Project1-FlickM.debug.xcconfig */;
			buildSettings = {
				ASSETCATALOG_COMPILER_APPICON_NAME = AppIcon;
				INFOPLIST_FILE = "Project1-FlickM/Info.plist";
				LD_RUNPATH_SEARCH_PATHS = "$(inherited) @executable_path/Frameworks";
				PRODUCT_BUNDLE_IDENTIFIER = "com.monteThakkar.Project1-FlickM";
				PRODUCT_NAME = "$(TARGET_NAME)";
			};
			name = Debug;
		};
		FAFD9BB01C4B55E2004021BD /* Release */ = {
			isa = XCBuildConfiguration;
			baseConfigurationReference = 6E7EF69E4F16340491FABC55 /* Pods-Project1-FlickM.release.xcconfig */;
			buildSettings = {
				ASSETCATALOG_COMPILER_APPICON_NAME = AppIcon;
				INFOPLIST_FILE = "Project1-FlickM/Info.plist";
				LD_RUNPATH_SEARCH_PATHS = "$(inherited) @executable_path/Frameworks";
				PRODUCT_BUNDLE_IDENTIFIER = "com.monteThakkar.Project1-FlickM";
				PRODUCT_NAME = "$(TARGET_NAME)";
			};
			name = Release;
		};
/* End XCBuildConfiguration section */

/* Begin XCConfigurationList section */
		FAFD9B971C4B55E2004021BD /* Build configuration list for PBXProject "Project1-FlickM" */ = {
			isa = XCConfigurationList;
			buildConfigurations = (
				FAFD9BAC1C4B55E2004021BD /* Debug */,
				FAFD9BAD1C4B55E2004021BD /* Release */,
			);
			defaultConfigurationIsVisible = 0;
			defaultConfigurationName = Release;
		};
		FAFD9BAE1C4B55E2004021BD /* Build configuration list for PBXNativeTarget "Project1-FlickM" */ = {
			isa = XCConfigurationList;
			buildConfigurations = (
				FAFD9BAF1C4B55E2004021BD /* Debug */,
				FAFD9BB01C4B55E2004021BD /* Release */,
			);
			defaultConfigurationIsVisible = 0;
			defaultConfigurationName = Release;
		};
/* End XCConfigurationList section */
	};
	rootObject = FAFD9B941C4B55E2004021BD /* Project object */;
}
